
Microsoft Visual Studio Solution File, Format Version 12.00
# Visual Studio Version 16
VisualStudioVersion = 16.0.29709.97
MinimumVisualStudioVersion = 10.0.40219.1
Project("{FAE04EC0-301F-11D3-BF4B-00C04F79EFBC}") = "ImportExcelDemo", "ImportExcelDemo\ImportExcelDemo.csproj", "{52DFB9EE-FBED-4C28-AA7C-E8F0CCDD1887}"
EndProject
Global
	GlobalSection(SolutionConfigurationPlatforms) = preSolution
		Debug|Any CPU = Debug|Any CPU
		Release|Any CPU = Release|Any CPU
	EndGlobalSection
	GlobalSection(ProjectConfigurationPlatforms) = postSolution
		{52DFB9EE-FBED-4C28-AA7C-E8F0CCDD1887}.Debug|Any CPU.ActiveCfg = Debug|Any CPU
		{52DFB9EE-FBED-4C28-AA7C-E8F0CCDD1887}.Debug|Any CPU.Build.0 = Debug|Any CPU
		{52DFB9EE-FBED-4C28-AA7C-E8F0CCDD1887}.Release|Any CPU.ActiveCfg = Release|Any CPU
		{52DFB9EE-FBED-4C28-AA7C-E8F0CCDD1887}.Release|Any CPU.Build.0 = Release|Any CPU
	EndGlobalSection
	GlobalSection(SolutionProperties) = preSolution
		HideSolutionNode = FALSE
	EndGlobalSection
	GlobalSection(ExtensibilityGlobals) = postSolution
		SolutionGuid = {CE3FFBCB-5AD9-4639-9FA2-7DF222E95E08}
	EndGlobalSection
EndGlobal
